// !$*UTF8*$!
{
	archiveVersion = 1;
	classes = {
	};
	objectVersion = 55;
	objects = {

/* Begin PBXBuildFile section */
		AF110F722797222100030243 /* Business.swift in Sources */ = {isa = PBXBuildFile; fileRef = AF110F712797222100030243 /* Business.swift */; };
		AF110F742797254200030243 /* BusinessSearch.swift in Sources */ = {isa = PBXBuildFile; fileRef = AF110F732797254200030243 /* BusinessSearch.swift */; };
		AF110F77279728DA00030243 /* Constants.swift in Sources */ = {isa = PBXBuildFile; fileRef = AF110F76279728DA00030243 /* Constants.swift */; };
		AF110F7F27972C9C00030243 /* HomeView.swift in Sources */ = {isa = PBXBuildFile; fileRef = AF110F7E27972C9C00030243 /* HomeView.swift */; };
		AF110F83279735C200030243 /* BusinessList.swift in Sources */ = {isa = PBXBuildFile; fileRef = AF110F82279735C200030243 /* BusinessList.swift */; };
		AF110F85279737FF00030243 /* BusinessSectionHeader.swift in Sources */ = {isa = PBXBuildFile; fileRef = AF110F84279737FF00030243 /* BusinessSectionHeader.swift */; };
		AF110F882797399400030243 /* BusinessSection.swift in Sources */ = {isa = PBXBuildFile; fileRef = AF110F872797399400030243 /* BusinessSection.swift */; };
		AF110F8A27973E7300030243 /* BusinessRowView.swift in Sources */ = {isa = PBXBuildFile; fileRef = AF110F8927973E7300030243 /* BusinessRowView.swift */; };
		AF75306D27982FE000DB5986 /* BusinessDetailView.swift in Sources */ = {isa = PBXBuildFile; fileRef = AF75306C27982FE000DB5986 /* BusinessDetailView.swift */; };
		AF75307227984A1F00DB5986 /* BusinessMap.swift in Sources */ = {isa = PBXBuildFile; fileRef = AF75307127984A1F00DB5986 /* BusinessMap.swift */; };
		AFE6F2582796F85200DF04AE /* CitySightApp.swift in Sources */ = {isa = PBXBuildFile; fileRef = AFE6F2572796F85200DF04AE /* CitySightApp.swift */; };
		AFE6F25A2796F85200DF04AE /* LaunchView.swift in Sources */ = {isa = PBXBuildFile; fileRef = AFE6F2592796F85200DF04AE /* LaunchView.swift */; };
		AFE6F25C2796F85300DF04AE /* Assets.xcassets in Resources */ = {isa = PBXBuildFile; fileRef = AFE6F25B2796F85300DF04AE /* Assets.xcassets */; };
		AFE6F25F2796F85300DF04AE /* Preview Assets.xcassets in Resources */ = {isa = PBXBuildFile; fileRef = AFE6F25E2796F85300DF04AE /* Preview Assets.xcassets */; };
		AFE6F2692796FA0D00DF04AE /* ContentModel.swift in Sources */ = {isa = PBXBuildFile; fileRef = AFE6F2682796FA0D00DF04AE /* ContentModel.swift */; };
/* End PBXBuildFile section */

/* Begin PBXFileReference section */
		AF110F712797222100030243 /* Business.swift */ = {isa = PBXFileReference; lastKnownFileType = sourcecode.swift; path = Business.swift; sourceTree = "<group>"; };
		AF110F732797254200030243 /* BusinessSearch.swift */ = {isa = PBXFileReference; lastKnownFileType = sourcecode.swift; path = BusinessSearch.swift; sourceTree = "<group>"; };
		AF110F76279728DA00030243 /* Constants.swift */ = {isa = PBXFileReference; lastKnownFileType = sourcecode.swift; path = Constants.swift; sourceTree = "<group>"; };
		AF110F7E27972C9C00030243 /* HomeView.swift */ = {isa = PBXFileReference; lastKnownFileType = sourcecode.swift; path = HomeView.swift; sourceTree = "<group>"; };
		AF110F82279735C200030243 /* BusinessList.swift */ = {isa = PBXFileReference; lastKnownFileType = sourcecode.swift; path = BusinessList.swift; sourceTree = "<group>"; };
		AF110F84279737FF00030243 /* BusinessSectionHeader.swift */ = {isa = PBXFileReference; lastKnownFileType = sourcecode.swift; path = BusinessSectionHeader.swift; sourceTree = "<group>"; };
		AF110F872797399400030243 /* BusinessSection.swift */ = {isa = PBXFileReference; lastKnownFileType = sourcecode.swift; path = BusinessSection.swift; sourceTree = "<group>"; };
		AF110F8927973E7300030243 /* BusinessRowView.swift */ = {isa = PBXFileReference; lastKnownFileType = sourcecode.swift; path = BusinessRowView.swift; sourceTree = "<group>"; };
		AF75306C27982FE000DB5986 /* BusinessDetailView.swift */ = {isa = PBXFileReference; lastKnownFileType = sourcecode.swift; path = BusinessDetailView.swift; sourceTree = "<group>"; };
		AF75307127984A1F00DB5986 /* BusinessMap.swift */ = {isa = PBXFileReference; lastKnownFileType = sourcecode.swift; path = BusinessMap.swift; sourceTree = "<group>"; };
		AFE6F2542796F85200DF04AE /* City Sight App.app */ = {isa = PBXFileReference; explicitFileType = wrapper.application; includeInIndex = 0; path = "City Sight App.app"; sourceTree = BUILT_PRODUCTS_DIR; };
		AFE6F2572796F85200DF04AE /* CitySightApp.swift */ = {isa = PBXFileReference; lastKnownFileType = sourcecode.swift; path = CitySightApp.swift; sourceTree = "<group>"; };
		AFE6F2592796F85200DF04AE /* LaunchView.swift */ = {isa = PBXFileReference; lastKnownFileType = sourcecode.swift; path = LaunchView.swift; sourceTree = "<group>"; };
		AFE6F25B2796F85300DF04AE /* Assets.xcassets */ = {isa = PBXFileReference; lastKnownFileType = folder.assetcatalog; path = Assets.xcassets; sourceTree = "<group>"; };
		AFE6F25E2796F85300DF04AE /* Preview Assets.xcassets */ = {isa = PBXFileReference; lastKnownFileType = folder.assetcatalog; path = "Preview Assets.xcassets"; sourceTree = "<group>"; };
		AFE6F2682796FA0D00DF04AE /* ContentModel.swift */ = {isa = PBXFileReference; lastKnownFileType = sourcecode.swift; path = ContentModel.swift; sourceTree = "<group>"; };
		AFE6F26B2797063200DF04AE /* City-Sight-App-Info.plist */ = {isa = PBXFileReference; lastKnownFileType = text.plist; path = "City-Sight-App-Info.plist"; sourceTree = SOURCE_ROOT; };
/* End PBXFileReference section */

/* Begin PBXFrameworksBuildPhase section */
		AFE6F2512796F85200DF04AE /* Frameworks */ = {
			isa = PBXFrameworksBuildPhase;
			buildActionMask = 2147483647;
			files = (
			);
			runOnlyForDeploymentPostprocessing = 0;
		};
/* End PBXFrameworksBuildPhase section */

/* Begin PBXGroup section */
		AF110F75279728C700030243 /* Helpers */ = {
			isa = PBXGroup;
			children = (
				AF110F76279728DA00030243 /* Constants.swift */,
			);
			path = Helpers;
			sourceTree = "<group>";
		};
		AF110F7B27972C6400030243 /* Home */ = {
			isa = PBXGroup;
			children = (
				AF110F7E27972C9C00030243 /* HomeView.swift */,
				AF75307027984A0700DB5986 /* Map */,
				AF110F81279735AC00030243 /* List */,
				AF75306B27982FC700DB5986 /* Detail */,
			);
			path = Home;
			sourceTree = "<group>";
		};
		AF110F7C27972C6B00030243 /* Onboarding */ = {
			isa = PBXGroup;
			children = (
			);
			path = Onboarding;
			sourceTree = "<group>";
		};
		AF110F7D27972C7700030243 /* Denied */ = {
			isa = PBXGroup;
			children = (
			);
			path = Denied;
			sourceTree = "<group>";
		};
		AF110F81279735AC00030243 /* List */ = {
			isa = PBXGroup;
			children = (
				AF110F82279735C200030243 /* BusinessList.swift */,
				AF110F872797399400030243 /* BusinessSection.swift */,
				AF110F84279737FF00030243 /* BusinessSectionHeader.swift */,
				AF110F8927973E7300030243 /* BusinessRowView.swift */,
			);
			path = List;
			sourceTree = "<group>";
		};
		AF75306B27982FC700DB5986 /* Detail */ = {
			isa = PBXGroup;
			children = (
				AF75306C27982FE000DB5986 /* BusinessDetailView.swift */,
			);
			path = Detail;
			sourceTree = "<group>";
		};
		AF75307027984A0700DB5986 /* Map */ = {
			isa = PBXGroup;
			children = (
				AF75307127984A1F00DB5986 /* BusinessMap.swift */,
			);
			path = Map;
			sourceTree = "<group>";
		};
		AFE6F24B2796F85200DF04AE = {
			isa = PBXGroup;
			children = (
				AFE6F2562796F85200DF04AE /* City Sight App */,
				AFE6F2552796F85200DF04AE /* Products */,
			);
			sourceTree = "<group>";
		};
		AFE6F2552796F85200DF04AE /* Products */ = {
			isa = PBXGroup;
			children = (
				AFE6F2542796F85200DF04AE /* City Sight App.app */,
			);
			name = Products;
			sourceTree = "<group>";
		};
		AFE6F2562796F85200DF04AE /* City Sight App */ = {
			isa = PBXGroup;
			children = (
				AFE6F2572796F85200DF04AE /* CitySightApp.swift */,
				AFE6F2672796F93500DF04AE /* Views */,
				AFE6F2662796F92500DF04AE /* ViewModels */,
				AFE6F2652796F91C00DF04AE /* Models */,
				AF110F75279728C700030243 /* Helpers */,
				AFE6F25B2796F85300DF04AE /* Assets.xcassets */,
				AFE6F26B2797063200DF04AE /* City-Sight-App-Info.plist */,
				AFE6F25D2796F85300DF04AE /* Preview Content */,
			);
			path = "City Sight App";
			sourceTree = "<group>";
		};
		AFE6F25D2796F85300DF04AE /* Preview Content */ = {
			isa = PBXGroup;
			children = (
				AFE6F25E2796F85300DF04AE /* Preview Assets.xcassets */,
			);
			path = "Preview Content";
			sourceTree = "<group>";
		};
		AFE6F2652796F91C00DF04AE /* Models */ = {
			isa = PBXGroup;
			children = (
				AF110F732797254200030243 /* BusinessSearch.swift */,
				AF110F712797222100030243 /* Business.swift */,
			);
			path = Models;
			sourceTree = "<group>";
		};
		AFE6F2662796F92500DF04AE /* ViewModels */ = {
			isa = PBXGroup;
			children = (
				AFE6F2682796FA0D00DF04AE /* ContentModel.swift */,
			);
			path = ViewModels;
			sourceTree = "<group>";
		};
		AFE6F2672796F93500DF04AE /* Views */ = {
			isa = PBXGroup;
			children = (
				AFE6F2592796F85200DF04AE /* LaunchView.swift */,
				AF110F7B27972C6400030243 /* Home */,
				AF110F7C27972C6B00030243 /* Onboarding */,
				AF110F7D27972C7700030243 /* Denied */,
			);
			path = Views;
			sourceTree = "<group>";
		};
/* End PBXGroup section */

/* Begin PBXNativeTarget section */
		AFE6F2532796F85200DF04AE /* City Sight App */ = {
			isa = PBXNativeTarget;
			buildConfigurationList = AFE6F2622796F85300DF04AE /* Build configuration list for PBXNativeTarget "City Sight App" */;
			buildPhases = (
				AFE6F2502796F85200DF04AE /* Sources */,
				AFE6F2512796F85200DF04AE /* Frameworks */,
				AFE6F2522796F85200DF04AE /* Resources */,
			);
			buildRules = (
			);
			dependencies = (
			);
			name = "City Sight App";
			productName = "City Sight App";
			productReference = AFE6F2542796F85200DF04AE /* City Sight App.app */;
			productType = "com.apple.product-type.application";
		};
/* End PBXNativeTarget section */

/* Begin PBXProject section */
		AFE6F24C2796F85200DF04AE /* Project object */ = {
			isa = PBXProject;
			attributes = {
				BuildIndependentTargetsInParallel = 1;
				LastSwiftUpdateCheck = 1320;
				LastUpgradeCheck = 1320;
				TargetAttributes = {
					AFE6F2532796F85200DF04AE = {
						CreatedOnToolsVersion = 13.2.1;
					};
				};
			};
			buildConfigurationList = AFE6F24F2796F85200DF04AE /* Build configuration list for PBXProject "City Sight App" */;
			compatibilityVersion = "Xcode 13.0";
			developmentRegion = en;
			hasScannedForEncodings = 0;
			knownRegions = (
				en,
				Base,
			);
			mainGroup = AFE6F24B2796F85200DF04AE;
			productRefGroup = AFE6F2552796F85200DF04AE /* Products */;
			projectDirPath = "";
			projectRoot = "";
			targets = (
				AFE6F2532796F85200DF04AE /* City Sight App */,
			);
		};
/* End PBXProject section */

/* Begin PBXResourcesBuildPhase section */
		AFE6F2522796F85200DF04AE /* Resources */ = {
			isa = PBXResourcesBuildPhase;
			buildActionMask = 2147483647;
			files = (
				AFE6F25F2796F85300DF04AE /* Preview Assets.xcassets in Resources */,
				AFE6F25C2796F85300DF04AE /* Assets.xcassets in Resources */,
			);
			runOnlyForDeploymentPostprocessing = 0;
		};
/* End PBXResourcesBuildPhase section */

/* Begin PBXSourcesBuildPhase section */
		AFE6F2502796F85200DF04AE /* Sources */ = {
			isa = PBXSourcesBuildPhase;
			buildActionMask = 2147483647;
			files = (
				AFE6F25A2796F85200DF04AE /* LaunchView.swift in Sources */,
				AF75306D27982FE000DB5986 /* BusinessDetailView.swift in Sources */,
				AF110F7F27972C9C00030243 /* HomeView.swift in Sources */,
				AF110F722797222100030243 /* Business.swift in Sources */,
				AF110F85279737FF00030243 /* BusinessSectionHeader.swift in Sources */,
				AF110F8A27973E7300030243 /* BusinessRowView.swift in Sources */,
				AFE6F2582796F85200DF04AE /* CitySightApp.swift in Sources */,
				AF110F742797254200030243 /* BusinessSearch.swift in Sources */,
				AF110F83279735C200030243 /* BusinessList.swift in Sources */,
				AF75307227984A1F00DB5986 /* BusinessMap.swift in Sources */,
				AF110F882797399400030243 /* BusinessSection.swift in Sources */,
				AFE6F2692796FA0D00DF04AE /* ContentModel.swift in Sources */,
				AF110F77279728DA00030243 /* Constants.swift in Sources */,
			);
			runOnlyForDeploymentPostprocessing = 0;
		};
/* End PBXSourcesBuildPhase section */

/* Begin XCBuildConfiguration section */
		AFE6F2602796F85300DF04AE /* Debug */ = {
			isa = XCBuildConfiguration;
			buildSettings = {
				ALWAYS_SEARCH_USER_PATHS = NO;
				CLANG_ANALYZER_NONNULL = YES;
				CLANG_ANALYZER_NUMBER_OBJECT_CONVERSION = YES_AGGRESSIVE;
				CLANG_CXX_LANGUAGE_STANDARD = "gnu++17";
				CLANG_CXX_LIBRARY = "libc++";
				CLANG_ENABLE_MODULES = YES;
				CLANG_ENABLE_OBJC_ARC = YES;
				CLANG_ENABLE_OBJC_WEAK = YES;
				CLANG_WARN_BLOCK_CAPTURE_AUTORELEASING = YES;
				CLANG_WARN_BOOL_CONVERSION = YES;
				CLANG_WARN_COMMA = YES;
				CLANG_WARN_CONSTANT_CONVERSION = YES;
				CLANG_WARN_DEPRECATED_OBJC_IMPLEMENTATIONS = YES;
				CLANG_WARN_DIRECT_OBJC_ISA_USAGE = YES_ERROR;
				CLANG_WARN_DOCUMENTATION_COMMENTS = YES;
				CLANG_WARN_EMPTY_BODY = YES;
				CLANG_WARN_ENUM_CONVERSION = YES;
				CLANG_WARN_INFINITE_RECURSION = YES;
				CLANG_WARN_INT_CONVERSION = YES;
				CLANG_WARN_NON_LITERAL_NULL_CONVERSION = YES;
				CLANG_WARN_OBJC_IMPLICIT_RETAIN_SELF = YES;
				CLANG_WARN_OBJC_LITERAL_CONVERSION = YES;
				CLANG_WARN_OBJC_ROOT_CLASS = YES_ERROR;
				CLANG_WARN_QUOTED_INCLUDE_IN_FRAMEWORK_HEADER = YES;
				CLANG_WARN_RANGE_LOOP_ANALYSIS = YES;
				CLANG_WARN_STRICT_PROTOTYPES = YES;
				CLANG_WARN_SUSPICIOUS_MOVE = YES;
				CLANG_WARN_UNGUARDED_AVAILABILITY = YES_AGGRESSIVE;
				CLANG_WARN_UNREACHABLE_CODE = YES;
				CLANG_WARN__DUPLICATE_METHOD_MATCH = YES;
				COPY_PHASE_STRIP = NO;
				DEBUG_INFORMATION_FORMAT = dwarf;
				ENABLE_STRICT_OBJC_MSGSEND = YES;
				ENABLE_TESTABILITY = YES;
				GCC_C_LANGUAGE_STANDARD = gnu11;
				GCC_DYNAMIC_NO_PIC = NO;
				GCC_NO_COMMON_BLOCKS = YES;
				GCC_OPTIMIZATION_LEVEL = 0;
				GCC_PREPROCESSOR_DEFINITIONS = (
					"DEBUG=1",
					"$(inherited)",
				);
				GCC_WARN_64_TO_32_BIT_CONVERSION = YES;
				GCC_WARN_ABOUT_RETURN_TYPE = YES_ERROR;
				GCC_WARN_UNDECLARED_SELECTOR = YES;
				GCC_WARN_UNINITIALIZED_AUTOS = YES_AGGRESSIVE;
				GCC_WARN_UNUSED_FUNCTION = YES;
				GCC_WARN_UNUSED_VARIABLE = YES;
				IPHONEOS_DEPLOYMENT_TARGET = 15.2;
				MTL_ENABLE_DEBUG_INFO = INCLUDE_SOURCE;
				MTL_FAST_MATH = YES;
				ONLY_ACTIVE_ARCH = YES;
				SDKROOT = iphoneos;
				SWIFT_ACTIVE_COMPILATION_CONDITIONS = DEBUG;
				SWIFT_OPTIMIZATION_LEVEL = "-Onone";
			};
			name = Debug;
		};
		AFE6F2612796F85300DF04AE /* Release */ = {
			isa = XCBuildConfiguration;
			buildSettings = {
				ALWAYS_SEARCH_USER_PATHS = NO;
				CLANG_ANALYZER_NONNULL = YES;
				CLANG_ANALYZER_NUMBER_OBJECT_CONVERSION = YES_AGGRESSIVE;
				CLANG_CXX_LANGUAGE_STANDARD = "gnu++17";
				CLANG_CXX_LIBRARY = "libc++";
				CLANG_ENABLE_MODULES = YES;
				CLANG_ENABLE_OBJC_ARC = YES;
				CLANG_ENABLE_OBJC_WEAK = YES;
				CLANG_WARN_BLOCK_CAPTURE_AUTORELEASING = YES;
				CLANG_WARN_BOOL_CONVERSION = YES;
				CLANG_WARN_COMMA = YES;
				CLANG_WARN_CONSTANT_CONVERSION = YES;
				CLANG_WARN_DEPRECATED_OBJC_IMPLEMENTATIONS = YES;
				CLANG_WARN_DIRECT_OBJC_ISA_USAGE = YES_ERROR;
				CLANG_WARN_DOCUMENTATION_COMMENTS = YES;
				CLANG_WARN_EMPTY_BODY = YES;
				CLANG_WARN_ENUM_CONVERSION = YES;
				CLANG_WARN_INFINITE_RECURSION = YES;
				CLANG_WARN_INT_CONVERSION = YES;
				CLANG_WARN_NON_LITERAL_NULL_CONVERSION = YES;
				CLANG_WARN_OBJC_IMPLICIT_RETAIN_SELF = YES;
				CLANG_WARN_OBJC_LITERAL_CONVERSION = YES;
				CLANG_WARN_OBJC_ROOT_CLASS = YES_ERROR;
				CLANG_WARN_QUOTED_INCLUDE_IN_FRAMEWORK_HEADER = YES;
				CLANG_WARN_RANGE_LOOP_ANALYSIS = YES;
				CLANG_WARN_STRICT_PROTOTYPES = YES;
				CLANG_WARN_SUSPICIOUS_MOVE = YES;
				CLANG_WARN_UNGUARDED_AVAILABILITY = YES_AGGRESSIVE;
				CLANG_WARN_UNREACHABLE_CODE = YES;
				CLANG_WARN__DUPLICATE_METHOD_MATCH = YES;
				COPY_PHASE_STRIP = NO;
				DEBUG_INFORMATION_FORMAT = "dwarf-with-dsym";
				ENABLE_NS_ASSERTIONS = NO;
				ENABLE_STRICT_OBJC_MSGSEND = YES;
				GCC_C_LANGUAGE_STANDARD = gnu11;
				GCC_NO_COMMON_BLOCKS = YES;
				GCC_WARN_64_TO_32_BIT_CONVERSION = YES;
				GCC_WARN_ABOUT_RETURN_TYPE = YES_ERROR;
				GCC_WARN_UNDECLARED_SELECTOR = YES;
				GCC_WARN_UNINITIALIZED_AUTOS = YES_AGGRESSIVE;
				GCC_WARN_UNUSED_FUNCTION = YES;
				GCC_WARN_UNUSED_VARIABLE = YES;
				IPHONEOS_DEPLOYMENT_TARGET = 15.2;
				MTL_ENABLE_DEBUG_INFO = NO;
				MTL_FAST_MATH = YES;
				SDKROOT = iphoneos;
				SWIFT_COMPILATION_MODE = wholemodule;
				SWIFT_OPTIMIZATION_LEVEL = "-O";
				VALIDATE_PRODUCT = YES;
			};
			name = Release;
		};
		AFE6F2632796F85300DF04AE /* Debug */ = {
			isa = XCBuildConfiguration;
			buildSettings = {
				ASSETCATALOG_COMPILER_APPICON_NAME = AppIcon;
				ASSETCATALOG_COMPILER_GLOBAL_ACCENT_COLOR_NAME = AccentColor;
				CODE_SIGN_STYLE = Automatic;
				CURRENT_PROJECT_VERSION = 1;
				DEVELOPMENT_ASSET_PATHS = "\"City Sight App/Preview Content\"";
				ENABLE_PREVIEWS = YES;
				GENERATE_INFOPLIST_FILE = YES;
				INFOPLIST_FILE = "City-Sight-App-Info.plist";
				INFOPLIST_KEY_UIApplicationSceneManifest_Generation = YES;
				INFOPLIST_KEY_UIApplicationSupportsIndirectInputEvents = YES;
				INFOPLIST_KEY_UILaunchScreen_Generation = YES;
				INFOPLIST_KEY_UISupportedInterfaceOrientations_iPad = "UIInterfaceOrientationPortrait UIInterfaceOrientationPortraitUpsideDown UIInterfaceOrientationLandscapeLeft UIInterfaceOrientationLandscapeRight";
				INFOPLIST_KEY_UISupportedInterfaceOrientations_iPhone = "UIInterfaceOrientationPortrait UIInterfaceOrientationLandscapeLeft UIInterfaceOrientationLandscapeRight";
				LD_RUNPATH_SEARCH_PATHS = (
					"$(inherited)",
					"@executable_path/Frameworks",
				);
				MARKETING_VERSION = 1.0;
				PRODUCT_BUNDLE_IDENTIFIER = "qwerty.City-Sight-App";
				PRODUCT_NAME = "$(TARGET_NAME)";
				SWIFT_EMIT_LOC_STRINGS = YES;
				SWIFT_VERSION = 5.0;
				TARGETED_DEVICE_FAMILY = "1,2";
			};
			name = Debug;
		};
		AFE6F2642796F85300DF04AE /* Release */ = {
			isa = XCBuildConfiguration;
			buildSettings = {
				ASSETCATALOG_COMPILER_APPICON_NAME = AppIcon;
				ASSETCATALOG_COMPILER_GLOBAL_ACCENT_COLOR_NAME = AccentColor;
				CODE_SIGN_STYLE = Automatic;
				CURRENT_PROJECT_VERSION = 1;
				DEVELOPMENT_ASSET_PATHS = "\"City Sight App/Preview Content\"";
				ENABLE_PREVIEWS = YES;
				GENERATE_INFOPLIST_FILE = YES;
				INFOPLIST_FILE = "City-Sight-App-Info.plist";
				INFOPLIST_KEY_UIApplicationSceneManifest_Generation = YES;
				INFOPLIST_KEY_UIApplicationSupportsIndirectInputEvents = YES;
				INFOPLIST_KEY_UILaunchScreen_Generation = YES;
				INFOPLIST_KEY_UISupportedInterfaceOrientations_iPad = "UIInterfaceOrientationPortrait UIInterfaceOrientationPortraitUpsideDown UIInterfaceOrientationLandscapeLeft UIInterfaceOrientationLandscapeRight";
				INFOPLIST_KEY_UISupportedInterfaceOrientations_iPhone = "UIInterfaceOrientationPortrait UIInterfaceOrientationLandscapeLeft UIInterfaceOrientationLandscapeRight";
				LD_RUNPATH_SEARCH_PATHS = (
					"$(inherited)",
					"@executable_path/Frameworks",
				);
				MARKETING_VERSION = 1.0;
				PRODUCT_BUNDLE_IDENTIFIER = "qwerty.City-Sight-App";
				PRODUCT_NAME = "$(TARGET_NAME)";
				SWIFT_EMIT_LOC_STRINGS = YES;
				SWIFT_VERSION = 5.0;
				TARGETED_DEVICE_FAMILY = "1,2";
			};
			name = Release;
		};
/* End XCBuildConfiguration section */

/* Begin XCConfigurationList section */
		AFE6F24F2796F85200DF04AE /* Build configuration list for PBXProject "City Sight App" */ = {
			isa = XCConfigurationList;
			buildConfigurations = (
				AFE6F2602796F85300DF04AE /* Debug */,
				AFE6F2612796F85300DF04AE /* Release */,
			);
			defaultConfigurationIsVisible = 0;
			defaultConfigurationName = Release;
		};
		AFE6F2622796F85300DF04AE /* Build configuration list for PBXNativeTarget "City Sight App" */ = {
			isa = XCConfigurationList;
			buildConfigurations = (
				AFE6F2632796F85300DF04AE /* Debug */,
				AFE6F2642796F85300DF04AE /* Release */,
			);
			defaultConfigurationIsVisible = 0;
			defaultConfigurationName = Release;
		};
/* End XCConfigurationList section */
	};
	rootObject = AFE6F24C2796F85200DF04AE /* Project object */;
}
